
Microsoft Visual Studio Solution File, Format Version 12.00
Project("{FAE04EC0-301F-11D3-BF4B-00C04F79EFBC}") = "SilentPackageManager", "SilentPackageManager\SilentPackageManager.csproj", "{9122C98A-771C-4907-835A-DE490E6CAA5F}"
EndProject
Global
	GlobalSection(SolutionConfigurationPlatforms) = preSolution
		Debug|Any CPU = Debug|Any CPU
		Release|Any CPU = Release|Any CPU
	EndGlobalSection
	GlobalSection(ProjectConfigurationPlatforms) = postSolution
		{9122C98A-771C-4907-835A-DE490E6CAA5F}.Debug|Any CPU.ActiveCfg = Debug|Any CPU
		{9122C98A-771C-4907-835A-DE490E6CAA5F}.Debug|Any CPU.Build.0 = Debug|Any CPU
		{9122C98A-771C-4907-835A-DE490E6CAA5F}.Release|Any CPU.ActiveCfg = Release|Any CPU
		{9122C98A-771C-4907-835A-DE490E6CAA5F}.Release|Any CPU.Build.0 = Release|Any CPU
	EndGlobalSection
EndGlobal
